
Microsoft Visual Studio Solution File, Format Version 12.00
# Visual Studio Version 16
VisualStudioVersion = 16.0.30413.136
MinimumVisualStudioVersion = 10.0.40219.1
Project("{FAE04EC0-301F-11D3-BF4B-00C04F79EFBC}") = "DotNetCoreCRUD", "DotNetCoreCRUD\DotNetCoreCRUD.csproj", "{5F2CA11A-AD08-4FB2-8ED7-E7CE6B008545}"
EndProject
Global
	GlobalSection(SolutionConfigurationPlatforms) = preSolution
		Debug|Any CPU = Debug|Any CPU
		Release|Any CPU = Release|Any CPU
	EndGlobalSection
	GlobalSection(ProjectConfigurationPlatforms) = postSolution
		{5F2CA11A-AD08-4FB2-8ED7-E7CE6B008545}.Debug|Any CPU.ActiveCfg = Debug|Any CPU
		{5F2CA11A-AD08-4FB2-8ED7-E7CE6B008545}.Debug|Any CPU.Build.0 = Debug|Any CPU
		{5F2CA11A-AD08-4FB2-8ED7-E7CE6B008545}.Release|Any CPU.ActiveCfg = Release|Any CPU
		{5F2CA11A-AD08-4FB2-8ED7-E7CE6B008545}.Release|Any CPU.Build.0 = Release|Any CPU
	EndGlobalSection
	GlobalSection(SolutionProperties) = preSolution
		HideSolutionNode = FALSE
	EndGlobalSection
	GlobalSection(ExtensibilityGlobals) = postSolution
		SolutionGuid = {9872C9E5-9634-4AAC-8A98-6BDC61FDDE1E}
	EndGlobalSection
EndGlobal
